
Microsoft Visual Studio Solution File, Format Version 12.00
# Visual Studio 15
VisualStudioVersion = 15.0.26124.0
MinimumVisualStudioVersion = 15.0.26124.0
Project("{2150E333-8FDC-42A3-9474-1A3956D46DE8}") = "src", "src", "{0FCD2937-1953-465E-8608-42B8EB8757C7}"
EndProject
Project("{FAE04EC0-301F-11D3-BF4B-00C04F79EFBC}") = "Gridify", "src\Core\Gridify.csproj", "{DBD6F424-B54C-47C5-9B1D-9E74B55D323E}"
EndProject
Project("{FAE04EC0-301F-11D3-BF4B-00C04F79EFBC}") = "Gridify.EntityFramework", "src\EntityFramework\Gridify.EntityFramework.csproj", "{DC20C025-1F2D-45FF-86ED-D9F72E2E04B2}"
EndProject
Project("{2150E333-8FDC-42A3-9474-1A3956D46DE8}") = "test", "test", "{1BBCBA37-25E5-4BFF-A8E8-7EE582E0317F}"
EndProject
Project("{FAE04EC0-301F-11D3-BF4B-00C04F79EFBC}") = "Core.Tests", "test\Core.Tests\Core.Tests.csproj", "{1A0C8C17-D4AD-4827-9857-36E9C0A8BB27}"
EndProject
Project("{FAE04EC0-301F-11D3-BF4B-00C04F79EFBC}") = "EntityFrameworkIntegrationTests.cs", "test\EntityFrameworkIntegrationTests.cs\EntityFrameworkIntegrationTests.cs.csproj", "{73CD6D56-C43D-4460-AFFA-FC1AEFB06296}"
EndProject
Project("{FAE04EC0-301F-11D3-BF4B-00C04F79EFBC}") = "Benchmarks", "src\Benchmarks\Benchmarks.csproj", "{D3652CB7-1CC5-4142-8559-16D6F40FBD0D}"
EndProject
Project("{FAE04EC0-301F-11D3-BF4B-00C04F79EFBC}") = "EntityFramework6IntegrationTests.cs", "test\EntityFramework6IntegrationTests.cs\EntityFramework6IntegrationTests.cs.csproj", "{CDFDBB16-1D9F-40FD-B693-96D1D4FB79EE}"
EndProject
Global
	GlobalSection(SolutionConfigurationPlatforms) = preSolution
		Debug|Any CPU = Debug|Any CPU
		Debug|x64 = Debug|x64
		Debug|x86 = Debug|x86
		Release|Any CPU = Release|Any CPU
		Release|x64 = Release|x64
		Release|x86 = Release|x86
	EndGlobalSection
	GlobalSection(SolutionProperties) = preSolution
		HideSolutionNode = FALSE
	EndGlobalSection
	GlobalSection(ProjectConfigurationPlatforms) = postSolution
		{DBD6F424-B54C-47C5-9B1D-9E74B55D323E}.Debug|Any CPU.ActiveCfg = Debug|Any CPU
		{DBD6F424-B54C-47C5-9B1D-9E74B55D323E}.Debug|Any CPU.Build.0 = Debug|Any CPU
		{DBD6F424-B54C-47C5-9B1D-9E74B55D323E}.Debug|x64.ActiveCfg = Debug|Any CPU
		{DBD6F424-B54C-47C5-9B1D-9E74B55D323E}.Debug|x64.Build.0 = Debug|Any CPU
		{DBD6F424-B54C-47C5-9B1D-9E74B55D323E}.Debug|x86.ActiveCfg = Debug|Any CPU
		{DBD6F424-B54C-47C5-9B1D-9E74B55D323E}.Debug|x86.Build.0 = Debug|Any CPU
		{DBD6F424-B54C-47C5-9B1D-9E74B55D323E}.Release|Any CPU.ActiveCfg = Release|Any CPU
		{DBD6F424-B54C-47C5-9B1D-9E74B55D323E}.Release|Any CPU.Build.0 = Release|Any CPU
		{DBD6F424-B54C-47C5-9B1D-9E74B55D323E}.Release|x64.ActiveCfg = Release|Any CPU
		{DBD6F424-B54C-47C5-9B1D-9E74B55D323E}.Release|x64.Build.0 = Release|Any CPU
		{DBD6F424-B54C-47C5-9B1D-9E74B55D323E}.Release|x86.ActiveCfg = Release|Any CPU
		{DBD6F424-B54C-47C5-9B1D-9E74B55D323E}.Release|x86.Build.0 = Release|Any CPU
		{DC20C025-1F2D-45FF-86ED-D9F72E2E04B2}.Debug|Any CPU.ActiveCfg = Debug|Any CPU
		{DC20C025-1F2D-45FF-86ED-D9F72E2E04B2}.Debug|Any CPU.Build.0 = Debug|Any CPU
		{DC20C025-1F2D-45FF-86ED-D9F72E2E04B2}.Debug|x64.ActiveCfg = Debug|Any CPU
		{DC20C025-1F2D-45FF-86ED-D9F72E2E04B2}.Debug|x64.Build.0 = Debug|Any CPU
		{DC20C025-1F2D-45FF-86ED-D9F72E2E04B2}.Debug|x86.ActiveCfg = Debug|Any CPU
		{DC20C025-1F2D-45FF-86ED-D9F72E2E04B2}.Debug|x86.Build.0 = Debug|Any CPU
		{DC20C025-1F2D-45FF-86ED-D9F72E2E04B2}.Release|Any CPU.ActiveCfg = Release|Any CPU
		{DC20C025-1F2D-45FF-86ED-D9F72E2E04B2}.Release|Any CPU.Build.0 = Release|Any CPU
		{DC20C025-1F2D-45FF-86ED-D9F72E2E04B2}.Release|x64.ActiveCfg = Release|Any CPU
		{DC20C025-1F2D-45FF-86ED-D9F72E2E04B2}.Release|x64.Build.0 = Release|Any CPU
		{DC20C025-1F2D-45FF-86ED-D9F72E2E04B2}.Release|x86.ActiveCfg = Release|Any CPU
		{DC20C025-1F2D-45FF-86ED-D9F72E2E04B2}.Release|x86.Build.0 = Release|Any CPU
		{1A0C8C17-D4AD-4827-9857-36E9C0A8BB27}.Debug|Any CPU.ActiveCfg = Debug|Any CPU
		{1A0C8C17-D4AD-4827-9857-36E9C0A8BB27}.Debug|Any CPU.Build.0 = Debug|Any CPU
		{1A0C8C17-D4AD-4827-9857-36E9C0A8BB27}.Debug|x64.ActiveCfg = Debug|Any CPU
		{1A0C8C17-D4AD-4827-9857-36E9C0A8BB27}.Debug|x64.Build.0 = Debug|Any CPU
		{1A0C8C17-D4AD-4827-9857-36E9C0A8BB27}.Debug|x86.ActiveCfg = Debug|Any CPU
		{1A0C8C17-D4AD-4827-9857-36E9C0A8BB27}.Debug|x86.Build.0 = Debug|Any CPU
		{1A0C8C17-D4AD-4827-9857-36E9C0A8BB27}.Release|Any CPU.ActiveCfg = Release|Any CPU
		{1A0C8C17-D4AD-4827-9857-36E9C0A8BB27}.Release|Any CPU.Build.0 = Release|Any CPU
		{1A0C8C17-D4AD-4827-9857-36E9C0A8BB27}.Release|x64.ActiveCfg = Release|Any CPU
		{1A0C8C17-D4AD-4827-9857-36E9C0A8BB27}.Release|x64.Build.0 = Release|Any CPU
		{1A0C8C17-D4AD-4827-9857-36E9C0A8BB27}.Release|x86.ActiveCfg = Release|Any CPU
		{1A0C8C17-D4AD-4827-9857-36E9C0A8BB27}.Release|x86.Build.0 = Release|Any CPU
		{73CD6D56-C43D-4460-AFFA-FC1AEFB06296}.Debug|Any CPU.ActiveCfg = Debug|Any CPU
		{73CD6D56-C43D-4460-AFFA-FC1AEFB06296}.Debug|Any CPU.Build.0 = Debug|Any CPU
		{73CD6D56-C43D-4460-AFFA-FC1AEFB06296}.Debug|x64.ActiveCfg = Debug|Any CPU
		{73CD6D56-C43D-4460-AFFA-FC1AEFB06296}.Debug|x64.Build.0 = Debug|Any CPU
		{73CD6D56-C43D-4460-AFFA-FC1AEFB06296}.Debug|x86.ActiveCfg = Debug|Any CPU
		{73CD6D56-C43D-4460-AFFA-FC1AEFB06296}.Debug|x86.Build.0 = Debug|Any CPU
		{73CD6D56-C43D-4460-AFFA-FC1AEFB06296}.Release|Any CPU.ActiveCfg = Release|Any CPU
		{73CD6D56-C43D-4460-AFFA-FC1AEFB06296}.Release|Any CPU.Build.0 = Release|Any CPU
		{73CD6D56-C43D-4460-AFFA-FC1AEFB06296}.Release|x64.ActiveCfg = Release|Any CPU
		{73CD6D56-C43D-4460-AFFA-FC1AEFB06296}.Release|x64.Build.0 = Release|Any CPU
		{73CD6D56-C43D-4460-AFFA-FC1AEFB06296}.Release|x86.ActiveCfg = Release|Any CPU
		{73CD6D56-C43D-4460-AFFA-FC1AEFB06296}.Release|x86.Build.0 = Release|Any CPU
		{D3652CB7-1CC5-4142-8559-16D6F40FBD0D}.Debug|Any CPU.ActiveCfg = Debug|Any CPU
		{D3652CB7-1CC5-4142-8559-16D6F40FBD0D}.Debug|Any CPU.Build.0 = Debug|Any CPU
		{D3652CB7-1CC5-4142-8559-16D6F40FBD0D}.Debug|x64.ActiveCfg = Debug|Any CPU
		{D3652CB7-1CC5-4142-8559-16D6F40FBD0D}.Debug|x64.Build.0 = Debug|Any CPU
		{D3652CB7-1CC5-4142-8559-16D6F40FBD0D}.Debug|x86.ActiveCfg = Debug|Any CPU
		{D3652CB7-1CC5-4142-8559-16D6F40FBD0D}.Debug|x86.Build.0 = Debug|Any CPU
		{D3652CB7-1CC5-4142-8559-16D6F40FBD0D}.Release|Any CPU.ActiveCfg = Release|Any CPU
		{D3652CB7-1CC5-4142-8559-16D6F40FBD0D}.Release|Any CPU.Build.0 = Release|Any CPU
		{D3652CB7-1CC5-4142-8559-16D6F40FBD0D}.Release|x64.ActiveCfg = Release|Any CPU
		{D3652CB7-1CC5-4142-8559-16D6F40FBD0D}.Release|x64.Build.0 = Release|Any CPU
		{D3652CB7-1CC5-4142-8559-16D6F40FBD0D}.Release|x86.ActiveCfg = Release|Any CPU
		{D3652CB7-1CC5-4142-8559-16D6F40FBD0D}.Release|x86.Build.0 = Release|Any CPU
		{CDFDBB16-1D9F-40FD-B693-96D1D4FB79EE}.Debug|Any CPU.ActiveCfg = Debug|Any CPU
		{CDFDBB16-1D9F-40FD-B693-96D1D4FB79EE}.Debug|Any CPU.Build.0 = Debug|Any CPU
		{CDFDBB16-1D9F-40FD-B693-96D1D4FB79EE}.Debug|x64.ActiveCfg = Debug|Any CPU
		{CDFDBB16-1D9F-40FD-B693-96D1D4FB79EE}.Debug|x64.Build.0 = Debug|Any CPU
		{CDFDBB16-1D9F-40FD-B693-96D1D4FB79EE}.Debug|x86.ActiveCfg = Debug|Any CPU
		{CDFDBB16-1D9F-40FD-B693-96D1D4FB79EE}.Debug|x86.Build.0 = Debug|Any CPU
		{CDFDBB16-1D9F-40FD-B693-96D1D4FB79EE}.Release|Any CPU.ActiveCfg = Release|Any CPU
		{CDFDBB16-1D9F-40FD-B693-96D1D4FB79EE}.Release|Any CPU.Build.0 = Release|Any CPU
		{CDFDBB16-1D9F-40FD-B693-96D1D4FB79EE}.Release|x64.ActiveCfg = Release|Any CPU
		{CDFDBB16-1D9F-40FD-B693-96D1D4FB79EE}.Release|x64.Build.0 = Release|Any CPU
		{CDFDBB16-1D9F-40FD-B693-96D1D4FB79EE}.Release|x86.ActiveCfg = Release|Any CPU
		{CDFDBB16-1D9F-40FD-B693-96D1D4FB79EE}.Release|x86.Build.0 = Release|Any CPU
	EndGlobalSection
	GlobalSection(NestedProjects) = preSolution
		{DBD6F424-B54C-47C5-9B1D-9E74B55D323E} = {0FCD2937-1953-465E-8608-42B8EB8757C7}
		{DC20C025-1F2D-45FF-86ED-D9F72E2E04B2} = {0FCD2937-1953-465E-8608-42B8EB8757C7}
		{1A0C8C17-D4AD-4827-9857-36E9C0A8BB27} = {1BBCBA37-25E5-4BFF-A8E8-7EE582E0317F}
		{73CD6D56-C43D-4460-AFFA-FC1AEFB06296} = {1BBCBA37-25E5-4BFF-A8E8-7EE582E0317F}
		{D3652CB7-1CC5-4142-8559-16D6F40FBD0D} = {0FCD2937-1953-465E-8608-42B8EB8757C7}
		{CDFDBB16-1D9F-40FD-B693-96D1D4FB79EE} = {1BBCBA37-25E5-4BFF-A8E8-7EE582E0317F}
	EndGlobalSection
EndGlobal
