
Microsoft Visual Studio Solution File, Format Version 12.00
# Visual Studio 15
VisualStudioVersion = 15.0.26124.0
MinimumVisualStudioVersion = 15.0.26124.0
Project("{2150E333-8FDC-42A3-9474-1A3956D46DE8}") = "src", "src", "{0FCD2937-1953-465E-8608-42B8EB8757C7}"
EndProject
Project("{FAE04EC0-301F-11D3-BF4B-00C04F79EFBC}") = "Gridify", "src\Core\Gridify.csproj", "{DBD6F424-B54C-47C5-9B1D-9E74B55D323E}"
EndProject
Project("{FAE04EC0-301F-11D3-BF4B-00C04F79EFBC}") = "Gridify.EntityFramework", "src\EntityFramework\Gridify.EntityFramework.csproj", "{DC20C025-1F2D-45FF-86ED-D9F72E2E04B2}"
EndProject
Project("{2150E333-8FDC-42A3-9474-1A3956D46DE8}") = "test", "test", "{1BBCBA37-25E5-4BFF-A8E8-7EE582E0317F}"
EndProject
Project("{FAE04EC0-301F-11D3-BF4B-00C04F79EFBC}") = "Core.Tests", "test\Core.Tests\Core.Tests.csproj", "{1A0C8C17-D4AD-4827-9857-36E9C0A8BB27}"
EndProject
Project("{FAE04EC0-301F-11D3-BF4B-00C04F79EFBC}") = "Gridify.EntityFramework5", "src\EntityFramework5\Gridify.EntityFramework5.csproj", "{04C78C7D-6A63-4A73-92BE-59987F178A9F}"
EndProject
Global
	GlobalSection(SolutionConfigurationPlatforms) = preSolution
		Debug|Any CPU = Debug|Any CPU
		Debug|x64 = Debug|x64
		Debug|x86 = Debug|x86
		Release|Any CPU = Release|Any CPU
		Release|x64 = Release|x64
		Release|x86 = Release|x86
	EndGlobalSection
	GlobalSection(SolutionProperties) = preSolution
		HideSolutionNode = FALSE
	EndGlobalSection
	GlobalSection(ProjectConfigurationPlatforms) = postSolution
		{DBD6F424-B54C-47C5-9B1D-9E74B55D323E}.Debug|Any CPU.ActiveCfg = Debug|Any CPU
		{DBD6F424-B54C-47C5-9B1D-9E74B55D323E}.Debug|Any CPU.Build.0 = Debug|Any CPU
		{DBD6F424-B54C-47C5-9B1D-9E74B55D323E}.Debug|x64.ActiveCfg = Debug|Any CPU
		{DBD6F424-B54C-47C5-9B1D-9E74B55D323E}.Debug|x64.Build.0 = Debug|Any CPU
		{DBD6F424-B54C-47C5-9B1D-9E74B55D323E}.Debug|x86.ActiveCfg = Debug|Any CPU
		{DBD6F424-B54C-47C5-9B1D-9E74B55D323E}.Debug|x86.Build.0 = Debug|Any CPU
		{DBD6F424-B54C-47C5-9B1D-9E74B55D323E}.Release|Any CPU.ActiveCfg = Release|Any CPU
		{DBD6F424-B54C-47C5-9B1D-9E74B55D323E}.Release|Any CPU.Build.0 = Release|Any CPU
		{DBD6F424-B54C-47C5-9B1D-9E74B55D323E}.Release|x64.ActiveCfg = Release|Any CPU
		{DBD6F424-B54C-47C5-9B1D-9E74B55D323E}.Release|x64.Build.0 = Release|Any CPU
		{DBD6F424-B54C-47C5-9B1D-9E74B55D323E}.Release|x86.ActiveCfg = Release|Any CPU
		{DBD6F424-B54C-47C5-9B1D-9E74B55D323E}.Release|x86.Build.0 = Release|Any CPU
		{DC20C025-1F2D-45FF-86ED-D9F72E2E04B2}.Debug|Any CPU.ActiveCfg = Debug|Any CPU
		{DC20C025-1F2D-45FF-86ED-D9F72E2E04B2}.Debug|Any CPU.Build.0 = Debug|Any CPU
		{DC20C025-1F2D-45FF-86ED-D9F72E2E04B2}.Debug|x64.ActiveCfg = Debug|Any CPU
		{DC20C025-1F2D-45FF-86ED-D9F72E2E04B2}.Debug|x64.Build.0 = Debug|Any CPU
		{DC20C025-1F2D-45FF-86ED-D9F72E2E04B2}.Debug|x86.ActiveCfg = Debug|Any CPU
		{DC20C025-1F2D-45FF-86ED-D9F72E2E04B2}.Debug|x86.Build.0 = Debug|Any CPU
		{DC20C025-1F2D-45FF-86ED-D9F72E2E04B2}.Release|Any CPU.ActiveCfg = Release|Any CPU
		{DC20C025-1F2D-45FF-86ED-D9F72E2E04B2}.Release|Any CPU.Build.0 = Release|Any CPU
		{DC20C025-1F2D-45FF-86ED-D9F72E2E04B2}.Release|x64.ActiveCfg = Release|Any CPU
		{DC20C025-1F2D-45FF-86ED-D9F72E2E04B2}.Release|x64.Build.0 = Release|Any CPU
		{DC20C025-1F2D-45FF-86ED-D9F72E2E04B2}.Release|x86.ActiveCfg = Release|Any CPU
		{DC20C025-1F2D-45FF-86ED-D9F72E2E04B2}.Release|x86.Build.0 = Release|Any CPU
		{1A0C8C17-D4AD-4827-9857-36E9C0A8BB27}.Debug|Any CPU.ActiveCfg = Debug|Any CPU
		{1A0C8C17-D4AD-4827-9857-36E9C0A8BB27}.Debug|Any CPU.Build.0 = Debug|Any CPU
		{1A0C8C17-D4AD-4827-9857-36E9C0A8BB27}.Debug|x64.ActiveCfg = Debug|Any CPU
		{1A0C8C17-D4AD-4827-9857-36E9C0A8BB27}.Debug|x64.Build.0 = Debug|Any CPU
		{1A0C8C17-D4AD-4827-9857-36E9C0A8BB27}.Debug|x86.ActiveCfg = Debug|Any CPU
		{1A0C8C17-D4AD-4827-9857-36E9C0A8BB27}.Debug|x86.Build.0 = Debug|Any CPU
		{1A0C8C17-D4AD-4827-9857-36E9C0A8BB27}.Release|Any CPU.ActiveCfg = Release|Any CPU
		{1A0C8C17-D4AD-4827-9857-36E9C0A8BB27}.Release|Any CPU.Build.0 = Release|Any CPU
		{1A0C8C17-D4AD-4827-9857-36E9C0A8BB27}.Release|x64.ActiveCfg = Release|Any CPU
		{1A0C8C17-D4AD-4827-9857-36E9C0A8BB27}.Release|x64.Build.0 = Release|Any CPU
		{1A0C8C17-D4AD-4827-9857-36E9C0A8BB27}.Release|x86.ActiveCfg = Release|Any CPU
		{1A0C8C17-D4AD-4827-9857-36E9C0A8BB27}.Release|x86.Build.0 = Release|Any CPU
		{04C78C7D-6A63-4A73-92BE-59987F178A9F}.Debug|Any CPU.ActiveCfg = Debug|Any CPU
		{04C78C7D-6A63-4A73-92BE-59987F178A9F}.Debug|Any CPU.Build.0 = Debug|Any CPU
		{04C78C7D-6A63-4A73-92BE-59987F178A9F}.Debug|x64.ActiveCfg = Debug|Any CPU
		{04C78C7D-6A63-4A73-92BE-59987F178A9F}.Debug|x64.Build.0 = Debug|Any CPU
		{04C78C7D-6A63-4A73-92BE-59987F178A9F}.Debug|x86.ActiveCfg = Debug|Any CPU
		{04C78C7D-6A63-4A73-92BE-59987F178A9F}.Debug|x86.Build.0 = Debug|Any CPU
		{04C78C7D-6A63-4A73-92BE-59987F178A9F}.Release|Any CPU.ActiveCfg = Release|Any CPU
		{04C78C7D-6A63-4A73-92BE-59987F178A9F}.Release|Any CPU.Build.0 = Release|Any CPU
		{04C78C7D-6A63-4A73-92BE-59987F178A9F}.Release|x64.ActiveCfg = Release|Any CPU
		{04C78C7D-6A63-4A73-92BE-59987F178A9F}.Release|x64.Build.0 = Release|Any CPU
		{04C78C7D-6A63-4A73-92BE-59987F178A9F}.Release|x86.ActiveCfg = Release|Any CPU
		{04C78C7D-6A63-4A73-92BE-59987F178A9F}.Release|x86.Build.0 = Release|Any CPU
	EndGlobalSection
	GlobalSection(NestedProjects) = preSolution
		{DBD6F424-B54C-47C5-9B1D-9E74B55D323E} = {0FCD2937-1953-465E-8608-42B8EB8757C7}
		{DC20C025-1F2D-45FF-86ED-D9F72E2E04B2} = {0FCD2937-1953-465E-8608-42B8EB8757C7}
		{1A0C8C17-D4AD-4827-9857-36E9C0A8BB27} = {1BBCBA37-25E5-4BFF-A8E8-7EE582E0317F}
		{04C78C7D-6A63-4A73-92BE-59987F178A9F} = {0FCD2937-1953-465E-8608-42B8EB8757C7}
	EndGlobalSection
EndGlobal
