# THIS IS AN AUTOGENERATED FILE. DO NOT EDIT THIS FILE DIRECTLY.
# yarn lockfile v1


"@algolia/autocomplete-core@1.9.3":
  version "1.9.3"
  resolved "https://registry.yarnpkg.com/@algolia/autocomplete-core/-/autocomplete-core-1.9.3.tgz#1d56482a768c33aae0868c8533049e02e8961be7"
  integrity sha512-009HdfugtGCdC4JdXUbVJClA0q0zh24yyePn+KUGk3rP7j8FEe/m5Yo/z65gn6nP/cM39PxpzqKrL7A6fP6PPw==
  dependencies:
    "@algolia/autocomplete-plugin-algolia-insights" "1.9.3"
    "@algolia/autocomplete-shared" "1.9.3"

"@algolia/autocomplete-plugin-algolia-insights@1.9.3":
  version "1.9.3"
  resolved "https://registry.yarnpkg.com/@algolia/autocomplete-plugin-algolia-insights/-/autocomplete-plugin-algolia-insights-1.9.3.tgz#9b7f8641052c8ead6d66c1623d444cbe19dde587"
  integrity sha512-a/yTUkcO/Vyy+JffmAnTWbr4/90cLzw+CC3bRbhnULr/EM0fGNvM13oQQ14f2moLMcVDyAx/leczLlAOovhSZg==
  dependencies:
    "@algolia/autocomplete-shared" "1.9.3"

"@algolia/autocomplete-preset-algolia@1.9.3":
  version "1.9.3"
  resolved "https://registry.yarnpkg.com/@algolia/autocomplete-preset-algolia/-/autocomplete-preset-algolia-1.9.3.tgz#64cca4a4304cfcad2cf730e83067e0c1b2f485da"
  integrity sha512-d4qlt6YmrLMYy95n5TB52wtNDr6EgAIPH81dvvvW8UmuWRgxEtY0NJiPwl/h95JtG2vmRM804M0DSwMCNZlzRA==
  dependencies:
    "@algolia/autocomplete-shared" "1.9.3"

"@algolia/autocomplete-shared@1.9.3":
  version "1.9.3"
  resolved "https://registry.yarnpkg.com/@algolia/autocomplete-shared/-/autocomplete-shared-1.9.3.tgz#2e22e830d36f0a9cf2c0ccd3c7f6d59435b77dfa"
  integrity sha512-Wnm9E4Ye6Rl6sTTqjoymD+l8DjSTHsHboVRYrKgEt8Q7UHm9nYbqhN/i0fhUYA3OAEH7WA8x3jfpnmJm3rKvaQ==

"@algolia/cache-browser-local-storage@4.22.0":
  version "4.22.0"
  resolved "https://registry.yarnpkg.com/@algolia/cache-browser-local-storage/-/cache-browser-local-storage-4.22.0.tgz#548e3f9524988bbe0c14b7fc7b2a66335520eeb7"
  integrity sha512-uZ1uZMLDZb4qODLfTSNHxSi4fH9RdrQf7DXEzW01dS8XK7QFtFh29N5NGKa9S+Yudf1vUMIF+/RiL4i/J0pWlQ==
  dependencies:
    "@algolia/cache-common" "4.22.0"

"@algolia/cache-common@4.22.0":
  version "4.22.0"
  resolved "https://registry.yarnpkg.com/@algolia/cache-common/-/cache-common-4.22.0.tgz#83d6111caac74a71bebe5fc050a3b64f3e45d037"
  integrity sha512-TPwUMlIGPN16eW67qamNQUmxNiGHg/WBqWcrOoCddhqNTqGDPVqmgfaM85LPbt24t3r1z0zEz/tdsmuq3Q6oaA==

"@algolia/cache-in-memory@4.22.0":
  version "4.22.0"
  resolved "https://registry.yarnpkg.com/@algolia/cache-in-memory/-/cache-in-memory-4.22.0.tgz#ff86b08d8c80a9402f39e5c64cef2ba8299bbe1d"
  integrity sha512-kf4Cio9NpPjzp1+uXQgL4jsMDeck7MP89BYThSvXSjf2A6qV/0KeqQf90TL2ECS02ovLOBXkk98P7qVarM+zGA==
  dependencies:
    "@algolia/cache-common" "4.22.0"

"@algolia/client-account@4.22.0":
  version "4.22.0"
  resolved "https://registry.yarnpkg.com/@algolia/client-account/-/client-account-4.22.0.tgz#d7fa001dc062dca446f0620281fc0cec7c850487"
  integrity sha512-Bjb5UXpWmJT+yGWiqAJL0prkENyEZTBzdC+N1vBuHjwIJcjLMjPB6j1hNBRbT12Lmwi55uzqeMIKS69w+0aPzA==
  dependencies:
    "@algolia/client-common" "4.22.0"
    "@algolia/client-search" "4.22.0"
    "@algolia/transporter" "4.22.0"

"@algolia/client-analytics@4.22.0":
  version "4.22.0"
  resolved "https://registry.yarnpkg.com/@algolia/client-analytics/-/client-analytics-4.22.0.tgz#ea10e73d649aa1b9a1a25a786300d241fd4ad0d1"
  integrity sha512-os2K+kHUcwwRa4ArFl5p/3YbF9lN3TLOPkbXXXxOvDpqFh62n9IRZuzfxpHxMPKAQS3Et1s0BkKavnNP02E9Hg==
  dependencies:
    "@algolia/client-common" "4.22.0"
    "@algolia/client-search" "4.22.0"
    "@algolia/requester-common" "4.22.0"
    "@algolia/transporter" "4.22.0"

"@algolia/client-common@4.22.0":
  version "4.22.0"
  resolved "https://registry.yarnpkg.com/@algolia/client-common/-/client-common-4.22.0.tgz#4bf298acec78fa988a5b829748e6c488b8a6b570"
  integrity sha512-BlbkF4qXVWuwTmYxVWvqtatCR3lzXwxx628p1wj1Q7QP2+LsTmGt1DiUYRuy9jG7iMsnlExby6kRMOOlbhv2Ag==
  dependencies:
    "@algolia/requester-common" "4.22.0"
    "@algolia/transporter" "4.22.0"

"@algolia/client-personalization@4.22.0":
  version "4.22.0"
  resolved "https://registry.yarnpkg.com/@algolia/client-personalization/-/client-personalization-4.22.0.tgz#210c7d196b3c31da45e16db6ed98a7594fcf5e1c"
  integrity sha512-pEOftCxeBdG5pL97WngOBi9w5Vxr5KCV2j2D+xMVZH8MuU/JX7CglDSDDb0ffQWYqcUN+40Ry+xtXEYaGXTGow==
  dependencies:
    "@algolia/client-common" "4.22.0"
    "@algolia/requester-common" "4.22.0"
    "@algolia/transporter" "4.22.0"

"@algolia/client-search@4.22.0":
  version "4.22.0"
  resolved "https://registry.yarnpkg.com/@algolia/client-search/-/client-search-4.22.0.tgz#1113332cf973ce69067b741a17e8f798d71e07db"
  integrity sha512-bn4qQiIdRPBGCwsNuuqB8rdHhGKKWIij9OqidM1UkQxnSG8yzxHdb7CujM30pvp5EnV7jTqDZRbxacbjYVW20Q==
  dependencies:
    "@algolia/client-common" "4.22.0"
    "@algolia/requester-common" "4.22.0"
    "@algolia/transporter" "4.22.0"

"@algolia/logger-common@4.22.0":
  version "4.22.0"
  resolved "https://registry.yarnpkg.com/@algolia/logger-common/-/logger-common-4.22.0.tgz#f9498729ca5b0e9c0bd1b8dd729edd91ddd02b5c"
  integrity sha512-HMUQTID0ucxNCXs5d1eBJ5q/HuKg8rFVE/vOiLaM4Abfeq1YnTtGV3+rFEhOPWhRQxNDd+YHa4q864IMc0zHpQ==

"@algolia/logger-console@4.22.0":
  version "4.22.0"
  resolved "https://registry.yarnpkg.com/@algolia/logger-console/-/logger-console-4.22.0.tgz#52e62b98fc01b40d6677b0ddf656b342e89f13c2"
  integrity sha512-7JKb6hgcY64H7CRm3u6DRAiiEVXMvCJV5gRE672QFOUgDxo4aiDpfU61g6Uzy8NKjlEzHMmgG4e2fklELmPXhQ==
  dependencies:
    "@algolia/logger-common" "4.22.0"

"@algolia/requester-browser-xhr@4.22.0":
  version "4.22.0"
  resolved "https://registry.yarnpkg.com/@algolia/requester-browser-xhr/-/requester-browser-xhr-4.22.0.tgz#ca16e4c6860458477a00b440a407c81591f14b8a"
  integrity sha512-BHfv1h7P9/SyvcDJDaRuIwDu2yrDLlXlYmjvaLZTtPw6Ok/ZVhBR55JqW832XN/Fsl6k3LjdkYHHR7xnsa5Wvg==
  dependencies:
    "@algolia/requester-common" "4.22.0"

"@algolia/requester-common@4.22.0":
  version "4.22.0"
  resolved "https://registry.yarnpkg.com/@algolia/requester-common/-/requester-common-4.22.0.tgz#d7a8283f5b77550eeab353c571a6566adf552fa7"
  integrity sha512-Y9cEH/cKjIIZgzvI1aI0ARdtR/xRrOR13g5psCxkdhpgRN0Vcorx+zePhmAa4jdQNqexpxtkUdcKYugBzMZJgQ==

"@algolia/requester-node-http@4.22.0":
  version "4.22.0"
  resolved "https://registry.yarnpkg.com/@algolia/requester-node-http/-/requester-node-http-4.22.0.tgz#41d5e7d5dc7adb930e7fe8dcd9d39bfc378cc5f5"
  integrity sha512-8xHoGpxVhz3u2MYIieHIB6MsnX+vfd5PS4REgglejJ6lPigftRhTdBCToe6zbwq4p0anZXjjPDvNWMlgK2+xYA==
  dependencies:
    "@algolia/requester-common" "4.22.0"

"@algolia/transporter@4.22.0":
  version "4.22.0"
  resolved "https://registry.yarnpkg.com/@algolia/transporter/-/transporter-4.22.0.tgz#733385f6457408228d2a4d7a4fe4e2b1599a5d33"
  integrity sha512-ieO1k8x2o77GNvOoC+vAkFKppydQSVfbjM3YrSjLmgywiBejPTvU1R1nEvG59JIIUvtSLrZsLGPkd6vL14zopA==
  dependencies:
    "@algolia/cache-common" "4.22.0"
    "@algolia/logger-common" "4.22.0"
    "@algolia/requester-common" "4.22.0"

"@babel/parser@^7.23.6":
  version "7.23.6"
  resolved "https://registry.yarnpkg.com/@babel/parser/-/parser-7.23.6.tgz#ba1c9e512bda72a47e285ae42aff9d2a635a9e3b"
  integrity sha512-Z2uID7YJ7oNvAI20O9X0bblw7Qqs8Q2hFy0R9tAfnfLkp5MW0UH9eUvnDSnFwKZ0AvgS1ucqR4KzvVHgnke1VQ==

"@docsearch/css@3.5.2", "@docsearch/css@^3.5.2":
  version "3.5.2"
  resolved "https://registry.yarnpkg.com/@docsearch/css/-/css-3.5.2.tgz#610f47b48814ca94041df969d9fcc47b91fc5aac"
  integrity sha512-SPiDHaWKQZpwR2siD0KQUwlStvIAnEyK6tAE2h2Wuoq8ue9skzhlyVQ1ddzOxX6khULnAALDiR/isSF3bnuciA==

"@docsearch/js@^3.5.2":
  version "3.5.2"
  resolved "https://registry.yarnpkg.com/@docsearch/js/-/js-3.5.2.tgz#a11cb2e7e62890e9e940283fed6972ecf632629d"
  integrity sha512-p1YFTCDflk8ieHgFJYfmyHBki1D61+U9idwrLh+GQQMrBSP3DLGKpy0XUJtPjAOPltcVbqsTjiPFfH7JImjUNg==
  dependencies:
    "@docsearch/react" "3.5.2"
    preact "^10.0.0"

"@docsearch/react@3.5.2":
  version "3.5.2"
  resolved "https://registry.yarnpkg.com/@docsearch/react/-/react-3.5.2.tgz#2e6bbee00eb67333b64906352734da6aef1232b9"
  integrity sha512-9Ahcrs5z2jq/DcAvYtvlqEBHImbm4YJI8M9y0x6Tqg598P40HTEkX7hsMcIuThI+hTFxRGZ9hll0Wygm2yEjng==
  dependencies:
    "@algolia/autocomplete-core" "1.9.3"
    "@algolia/autocomplete-preset-algolia" "1.9.3"
    "@docsearch/css" "3.5.2"
    algoliasearch "^4.19.1"

"@esbuild/aix-ppc64@0.20.2":
  version "0.20.2"
  resolved "https://registry.yarnpkg.com/@esbuild/aix-ppc64/-/aix-ppc64-0.20.2.tgz#a70f4ac11c6a1dfc18b8bbb13284155d933b9537"
  integrity sha512-D+EBOJHXdNZcLJRBkhENNG8Wji2kgc9AZ9KiPr1JuZjsNtyHzrsfLRrY0tk2H2aoFu6RANO1y1iPPUCDYWkb5g==

"@esbuild/android-arm64@0.20.2":
  version "0.20.2"
  resolved "https://registry.yarnpkg.com/@esbuild/android-arm64/-/android-arm64-0.20.2.tgz#db1c9202a5bc92ea04c7b6840f1bbe09ebf9e6b9"
  integrity sha512-mRzjLacRtl/tWU0SvD8lUEwb61yP9cqQo6noDZP/O8VkwafSYwZ4yWy24kan8jE/IMERpYncRt2dw438LP3Xmg==

"@esbuild/android-arm@0.20.2":
  version "0.20.2"
  resolved "https://registry.yarnpkg.com/@esbuild/android-arm/-/android-arm-0.20.2.tgz#3b488c49aee9d491c2c8f98a909b785870d6e995"
  integrity sha512-t98Ra6pw2VaDhqNWO2Oph2LXbz/EJcnLmKLGBJwEwXX/JAN83Fym1rU8l0JUWK6HkIbWONCSSatf4sf2NBRx/w==

"@esbuild/android-x64@0.20.2":
  version "0.20.2"
  resolved "https://registry.yarnpkg.com/@esbuild/android-x64/-/android-x64-0.20.2.tgz#3b1628029e5576249d2b2d766696e50768449f98"
  integrity sha512-btzExgV+/lMGDDa194CcUQm53ncxzeBrWJcncOBxuC6ndBkKxnHdFJn86mCIgTELsooUmwUm9FkhSp5HYu00Rg==

"@esbuild/darwin-arm64@0.20.2":
  version "0.20.2"
  resolved "https://registry.yarnpkg.com/@esbuild/darwin-arm64/-/darwin-arm64-0.20.2.tgz#6e8517a045ddd86ae30c6608c8475ebc0c4000bb"
  integrity sha512-4J6IRT+10J3aJH3l1yzEg9y3wkTDgDk7TSDFX+wKFiWjqWp/iCfLIYzGyasx9l0SAFPT1HwSCR+0w/h1ES/MjA==

"@esbuild/darwin-x64@0.20.2":
  version "0.20.2"
  resolved "https://registry.yarnpkg.com/@esbuild/darwin-x64/-/darwin-x64-0.20.2.tgz#90ed098e1f9dd8a9381695b207e1cff45540a0d0"
  integrity sha512-tBcXp9KNphnNH0dfhv8KYkZhjc+H3XBkF5DKtswJblV7KlT9EI2+jeA8DgBjp908WEuYll6pF+UStUCfEpdysA==

"@esbuild/freebsd-arm64@0.20.2":
  version "0.20.2"
  resolved "https://registry.yarnpkg.com/@esbuild/freebsd-arm64/-/freebsd-arm64-0.20.2.tgz#d71502d1ee89a1130327e890364666c760a2a911"
  integrity sha512-d3qI41G4SuLiCGCFGUrKsSeTXyWG6yem1KcGZVS+3FYlYhtNoNgYrWcvkOoaqMhwXSMrZRl69ArHsGJ9mYdbbw==

"@esbuild/freebsd-x64@0.20.2":
  version "0.20.2"
  resolved "https://registry.yarnpkg.com/@esbuild/freebsd-x64/-/freebsd-x64-0.20.2.tgz#aa5ea58d9c1dd9af688b8b6f63ef0d3d60cea53c"
  integrity sha512-d+DipyvHRuqEeM5zDivKV1KuXn9WeRX6vqSqIDgwIfPQtwMP4jaDsQsDncjTDDsExT4lR/91OLjRo8bmC1e+Cw==

"@esbuild/linux-arm64@0.20.2":
  version "0.20.2"
  resolved "https://registry.yarnpkg.com/@esbuild/linux-arm64/-/linux-arm64-0.20.2.tgz#055b63725df678379b0f6db9d0fa85463755b2e5"
  integrity sha512-9pb6rBjGvTFNira2FLIWqDk/uaf42sSyLE8j1rnUpuzsODBq7FvpwHYZxQ/It/8b+QOS1RYfqgGFNLRI+qlq2A==

"@esbuild/linux-arm@0.20.2":
  version "0.20.2"
  resolved "https://registry.yarnpkg.com/@esbuild/linux-arm/-/linux-arm-0.20.2.tgz#76b3b98cb1f87936fbc37f073efabad49dcd889c"
  integrity sha512-VhLPeR8HTMPccbuWWcEUD1Az68TqaTYyj6nfE4QByZIQEQVWBB8vup8PpR7y1QHL3CpcF6xd5WVBU/+SBEvGTg==

"@esbuild/linux-ia32@0.20.2":
  version "0.20.2"
  resolved "https://registry.yarnpkg.com/@esbuild/linux-ia32/-/linux-ia32-0.20.2.tgz#c0e5e787c285264e5dfc7a79f04b8b4eefdad7fa"
  integrity sha512-o10utieEkNPFDZFQm9CoP7Tvb33UutoJqg3qKf1PWVeeJhJw0Q347PxMvBgVVFgouYLGIhFYG0UGdBumROyiig==

"@esbuild/linux-loong64@0.20.2":
  version "0.20.2"
  resolved "https://registry.yarnpkg.com/@esbuild/linux-loong64/-/linux-loong64-0.20.2.tgz#a6184e62bd7cdc63e0c0448b83801001653219c5"
  integrity sha512-PR7sp6R/UC4CFVomVINKJ80pMFlfDfMQMYynX7t1tNTeivQ6XdX5r2XovMmha/VjR1YN/HgHWsVcTRIMkymrgQ==

"@esbuild/linux-mips64el@0.20.2":
  version "0.20.2"
  resolved "https://registry.yarnpkg.com/@esbuild/linux-mips64el/-/linux-mips64el-0.20.2.tgz#d08e39ce86f45ef8fc88549d29c62b8acf5649aa"
  integrity sha512-4BlTqeutE/KnOiTG5Y6Sb/Hw6hsBOZapOVF6njAESHInhlQAghVVZL1ZpIctBOoTFbQyGW+LsVYZ8lSSB3wkjA==

"@esbuild/linux-ppc64@0.20.2":
  version "0.20.2"
  resolved "https://registry.yarnpkg.com/@esbuild/linux-ppc64/-/linux-ppc64-0.20.2.tgz#8d252f0b7756ffd6d1cbde5ea67ff8fd20437f20"
  integrity sha512-rD3KsaDprDcfajSKdn25ooz5J5/fWBylaaXkuotBDGnMnDP1Uv5DLAN/45qfnf3JDYyJv/ytGHQaziHUdyzaAg==

"@esbuild/linux-riscv64@0.20.2":
  version "0.20.2"
  resolved "https://registry.yarnpkg.com/@esbuild/linux-riscv64/-/linux-riscv64-0.20.2.tgz#19f6dcdb14409dae607f66ca1181dd4e9db81300"
  integrity sha512-snwmBKacKmwTMmhLlz/3aH1Q9T8v45bKYGE3j26TsaOVtjIag4wLfWSiZykXzXuE1kbCE+zJRmwp+ZbIHinnVg==

"@esbuild/linux-s390x@0.20.2":
  version "0.20.2"
  resolved "https://registry.yarnpkg.com/@esbuild/linux-s390x/-/linux-s390x-0.20.2.tgz#3c830c90f1a5d7dd1473d5595ea4ebb920988685"
  integrity sha512-wcWISOobRWNm3cezm5HOZcYz1sKoHLd8VL1dl309DiixxVFoFe/o8HnwuIwn6sXre88Nwj+VwZUvJf4AFxkyrQ==

"@esbuild/linux-x64@0.20.2":
  version "0.20.2"
  resolved "https://registry.yarnpkg.com/@esbuild/linux-x64/-/linux-x64-0.20.2.tgz#86eca35203afc0d9de0694c64ec0ab0a378f6fff"
  integrity sha512-1MdwI6OOTsfQfek8sLwgyjOXAu+wKhLEoaOLTjbijk6E2WONYpH9ZU2mNtR+lZ2B4uwr+usqGuVfFT9tMtGvGw==

"@esbuild/netbsd-x64@0.20.2":
  version "0.20.2"
  resolved "https://registry.yarnpkg.com/@esbuild/netbsd-x64/-/netbsd-x64-0.20.2.tgz#e771c8eb0e0f6e1877ffd4220036b98aed5915e6"
  integrity sha512-K8/DhBxcVQkzYc43yJXDSyjlFeHQJBiowJ0uVL6Tor3jGQfSGHNNJcWxNbOI8v5k82prYqzPuwkzHt3J1T1iZQ==

"@esbuild/openbsd-x64@0.20.2":
  version "0.20.2"
  resolved "https://registry.yarnpkg.com/@esbuild/openbsd-x64/-/openbsd-x64-0.20.2.tgz#9a795ae4b4e37e674f0f4d716f3e226dd7c39baf"
  integrity sha512-eMpKlV0SThJmmJgiVyN9jTPJ2VBPquf6Kt/nAoo6DgHAoN57K15ZghiHaMvqjCye/uU4X5u3YSMgVBI1h3vKrQ==

"@esbuild/sunos-x64@0.20.2":
  version "0.20.2"
  resolved "https://registry.yarnpkg.com/@esbuild/sunos-x64/-/sunos-x64-0.20.2.tgz#7df23b61a497b8ac189def6e25a95673caedb03f"
  integrity sha512-2UyFtRC6cXLyejf/YEld4Hajo7UHILetzE1vsRcGL3earZEW77JxrFjH4Ez2qaTiEfMgAXxfAZCm1fvM/G/o8w==

"@esbuild/win32-arm64@0.20.2":
  version "0.20.2"
  resolved "https://registry.yarnpkg.com/@esbuild/win32-arm64/-/win32-arm64-0.20.2.tgz#f1ae5abf9ca052ae11c1bc806fb4c0f519bacf90"
  integrity sha512-GRibxoawM9ZCnDxnP3usoUDO9vUkpAxIIZ6GQI+IlVmr5kP3zUq+l17xELTHMWTWzjxa2guPNyrpq1GWmPvcGQ==

"@esbuild/win32-ia32@0.20.2":
  version "0.20.2"
  resolved "https://registry.yarnpkg.com/@esbuild/win32-ia32/-/win32-ia32-0.20.2.tgz#241fe62c34d8e8461cd708277813e1d0ba55ce23"
  integrity sha512-HfLOfn9YWmkSKRQqovpnITazdtquEW8/SoHW7pWpuEeguaZI4QnCRW6b+oZTztdBnZOS2hqJ6im/D5cPzBTTlQ==

"@esbuild/win32-x64@0.20.2":
  version "0.20.2"
  resolved "https://registry.yarnpkg.com/@esbuild/win32-x64/-/win32-x64-0.20.2.tgz#9c907b21e30a52db959ba4f80bb01a0cc403d5cc"
  integrity sha512-N49X4lJX27+l9jbLKSqZ6bKNjzQvHaT8IIFUy+YIqmXQdjYCToGWwOItDrfby14c78aDd5NHQl29xingXfCdLQ==

"@jridgewell/sourcemap-codec@^1.4.15":
  version "1.4.15"
  resolved "https://registry.yarnpkg.com/@jridgewell/sourcemap-codec/-/sourcemap-codec-1.4.15.tgz#d7c6e6755c78567a951e04ab52ef0fd26de59f32"
  integrity sha512-eF2rxCRulEKXHTRiDrDy6erMYWqNw4LPdQ8UQA4huuxaQsVeRPFl2oM8oDGxMFhJUWZf9McpLtJasDDZb/Bpeg==

"@rollup/rollup-android-arm-eabi@4.14.0":
  version "4.14.0"
  resolved "https://registry.yarnpkg.com/@rollup/rollup-android-arm-eabi/-/rollup-android-arm-eabi-4.14.0.tgz#57936f50d0335e2e7bfac496d209606fa516add4"
  integrity sha512-jwXtxYbRt1V+CdQSy6Z+uZti7JF5irRKF8hlKfEnF/xJpcNGuuiZMBvuoYM+x9sr9iWGnzrlM0+9hvQ1kgkf1w==

"@rollup/rollup-android-arm64@4.14.0":
  version "4.14.0"
  resolved "https://registry.yarnpkg.com/@rollup/rollup-android-arm64/-/rollup-android-arm64-4.14.0.tgz#81bba83b37382a2d0e30ceced06c8d3d85138054"
  integrity sha512-fI9nduZhCccjzlsA/OuAwtFGWocxA4gqXGTLvOyiF8d+8o0fZUeSztixkYjcGq1fGZY3Tkq4yRvHPFxU+jdZ9Q==

"@rollup/rollup-darwin-arm64@4.14.0":
  version "4.14.0"
  resolved "https://registry.yarnpkg.com/@rollup/rollup-darwin-arm64/-/rollup-darwin-arm64-4.14.0.tgz#a371bd723a5c4c4a33376da72abfc3938066842b"
  integrity sha512-BcnSPRM76/cD2gQC+rQNGBN6GStBs2pl/FpweW8JYuz5J/IEa0Fr4AtrPv766DB/6b2MZ/AfSIOSGw3nEIP8SA==

"@rollup/rollup-darwin-x64@4.14.0":
  version "4.14.0"
  resolved "https://registry.yarnpkg.com/@rollup/rollup-darwin-x64/-/rollup-darwin-x64-4.14.0.tgz#8baf2fda277c9729125017c65651296282412886"
  integrity sha512-LDyFB9GRolGN7XI6955aFeI3wCdCUszFWumWU0deHA8VpR3nWRrjG6GtGjBrQxQKFevnUTHKCfPR4IvrW3kCgQ==

"@rollup/rollup-linux-arm-gnueabihf@4.14.0":
  version "4.14.0"
  resolved "https://registry.yarnpkg.com/@rollup/rollup-linux-arm-gnueabihf/-/rollup-linux-arm-gnueabihf-4.14.0.tgz#822830a8f7388d5b81d04c69415408d3bab1079b"
  integrity sha512-ygrGVhQP47mRh0AAD0zl6QqCbNsf0eTo+vgwkY6LunBcg0f2Jv365GXlDUECIyoXp1kKwL5WW6rsO429DBY/bA==

"@rollup/rollup-linux-arm64-gnu@4.14.0":
  version "4.14.0"
  resolved "https://registry.yarnpkg.com/@rollup/rollup-linux-arm64-gnu/-/rollup-linux-arm64-gnu-4.14.0.tgz#e20fbe1bd4414c7119f9e0bba8ad17a6666c8365"
  integrity sha512-x+uJ6MAYRlHGe9wi4HQjxpaKHPM3d3JjqqCkeC5gpnnI6OWovLdXTpfa8trjxPLnWKyBsSi5kne+146GAxFt4A==

"@rollup/rollup-linux-arm64-musl@4.14.0":
  version "4.14.0"
  resolved "https://registry.yarnpkg.com/@rollup/rollup-linux-arm64-musl/-/rollup-linux-arm64-musl-4.14.0.tgz#13f475596a62e1924f13fe1c8cf2c40e09a99b47"
  integrity sha512-nrRw8ZTQKg6+Lttwqo6a2VxR9tOroa2m91XbdQ2sUUzHoedXlsyvY1fN4xWdqz8PKmf4orDwejxXHjh7YBGUCA==

"@rollup/rollup-linux-powerpc64le-gnu@4.14.0":
  version "4.14.0"
  resolved "https://registry.yarnpkg.com/@rollup/rollup-linux-powerpc64le-gnu/-/rollup-linux-powerpc64le-gnu-4.14.0.tgz#6a431c441420d1c510a205e08c6673355a0a2ea9"
  integrity sha512-xV0d5jDb4aFu84XKr+lcUJ9y3qpIWhttO3Qev97z8DKLXR62LC3cXT/bMZXrjLF9X+P5oSmJTzAhqwUbY96PnA==

"@rollup/rollup-linux-riscv64-gnu@4.14.0":
  version "4.14.0"
  resolved "https://registry.yarnpkg.com/@rollup/rollup-linux-riscv64-gnu/-/rollup-linux-riscv64-gnu-4.14.0.tgz#53d9448962c3f9ed7a1672269655476ea2d67567"
  integrity sha512-SDDhBQwZX6LPRoPYjAZWyL27LbcBo7WdBFWJi5PI9RPCzU8ijzkQn7tt8NXiXRiFMJCVpkuMkBf4OxSxVMizAw==

"@rollup/rollup-linux-s390x-gnu@4.14.0":
  version "4.14.0"
  resolved "https://registry.yarnpkg.com/@rollup/rollup-linux-s390x-gnu/-/rollup-linux-s390x-gnu-4.14.0.tgz#95f0c133b324da3e7e5c7d12855e0eb71d21a946"
  integrity sha512-RxB/qez8zIDshNJDufYlTT0ZTVut5eCpAZ3bdXDU9yTxBzui3KhbGjROK2OYTTor7alM7XBhssgoO3CZ0XD3qA==

"@rollup/rollup-linux-x64-gnu@4.14.0":
  version "4.14.0"
  resolved "https://registry.yarnpkg.com/@rollup/rollup-linux-x64-gnu/-/rollup-linux-x64-gnu-4.14.0.tgz#820ada75c68ead1acc486e41238ca0d8f8531478"
  integrity sha512-C6y6z2eCNCfhZxT9u+jAM2Fup89ZjiG5pIzZIDycs1IwESviLxwkQcFRGLjnDrP+PT+v5i4YFvlcfAs+LnreXg==

"@rollup/rollup-linux-x64-musl@4.14.0":
  version "4.14.0"
  resolved "https://registry.yarnpkg.com/@rollup/rollup-linux-x64-musl/-/rollup-linux-x64-musl-4.14.0.tgz#ca74f22e125efbe94c1148d989ef93329b464443"
  integrity sha512-i0QwbHYfnOMYsBEyjxcwGu5SMIi9sImDVjDg087hpzXqhBSosxkE7gyIYFHgfFl4mr7RrXksIBZ4DoLoP4FhJg==

"@rollup/rollup-win32-arm64-msvc@4.14.0":
  version "4.14.0"
  resolved "https://registry.yarnpkg.com/@rollup/rollup-win32-arm64-msvc/-/rollup-win32-arm64-msvc-4.14.0.tgz#269023332297051d037a9593dcba92c10fef726b"
  integrity sha512-Fq52EYb0riNHLBTAcL0cun+rRwyZ10S9vKzhGKKgeD+XbwunszSY0rVMco5KbOsTlwovP2rTOkiII/fQ4ih/zQ==

"@rollup/rollup-win32-ia32-msvc@4.14.0":
  version "4.14.0"
  resolved "https://registry.yarnpkg.com/@rollup/rollup-win32-ia32-msvc/-/rollup-win32-ia32-msvc-4.14.0.tgz#d7701438daf964011fd7ca33e3f13f3ff5129e7b"
  integrity sha512-e/PBHxPdJ00O9p5Ui43+vixSgVf4NlLsmV6QneGERJ3lnjIua/kim6PRFe3iDueT1rQcgSkYP8ZBBXa/h4iPvw==

"@rollup/rollup-win32-x64-msvc@4.14.0":
  version "4.14.0"
  resolved "https://registry.yarnpkg.com/@rollup/rollup-win32-x64-msvc/-/rollup-win32-x64-msvc-4.14.0.tgz#0bb7ac3cd1c3292db1f39afdabfd03ccea3a3d34"
  integrity sha512-aGg7iToJjdklmxlUlJh/PaPNa4PmqHfyRMLunbL3eaMO0gp656+q1zOKkpJ/CVe9CryJv6tAN1HDoR8cNGzkag==

"@types/estree@1.0.5":
  version "1.0.5"
  resolved "https://registry.yarnpkg.com/@types/estree/-/estree-1.0.5.tgz#a6ce3e556e00fd9895dd872dd172ad0d4bd687f4"
  integrity sha512-/kYRxGDLWzHOB7q+wtSUQlFrtcdUccpfy+X+9iMBpHK8QLLhx2wIPYuS5DYtR9Wa/YlZAbIovy7qVdB1Aq6Lyw==

"@types/linkify-it@*":
  version "3.0.5"
  resolved "https://registry.yarnpkg.com/@types/linkify-it/-/linkify-it-3.0.5.tgz#1e78a3ac2428e6d7e6c05c1665c242023a4601d8"
  integrity sha512-yg6E+u0/+Zjva+buc3EIb+29XEg4wltq7cSmd4Uc2EE/1nUVmxyzpX6gUXD0V8jIrG0r7YeOGVIbYRkxeooCtw==

"@types/markdown-it@^13.0.7":
  version "13.0.7"
  resolved "https://registry.yarnpkg.com/@types/markdown-it/-/markdown-it-13.0.7.tgz#4a495115f470075bd4434a0438ac477a49c2e152"
  integrity sha512-U/CBi2YUUcTHBt5tjO2r5QV/x0Po6nsYwQU4Y04fBS6vfoImaiZ6f8bi3CjTCxBPQSO1LMyUqkByzi8AidyxfA==
  dependencies:
    "@types/linkify-it" "*"
    "@types/mdurl" "*"

"@types/mdurl@*":
  version "1.0.5"
  resolved "https://registry.yarnpkg.com/@types/mdurl/-/mdurl-1.0.5.tgz#3e0d2db570e9fb6ccb2dc8fde0be1d79ac810d39"
  integrity sha512-6L6VymKTzYSrEf4Nev4Xa1LCHKrlTlYCBMTlQKFuddo1CvQcE52I0mwfOJayueUC7MJuXOeHTcIU683lzd0cUA==

"@types/web-bluetooth@^0.0.20":
  version "0.0.20"
  resolved "https://registry.yarnpkg.com/@types/web-bluetooth/-/web-bluetooth-0.0.20.tgz#f066abfcd1cbe66267cdbbf0de010d8a41b41597"
  integrity sha512-g9gZnnXVq7gM7v3tJCWV/qw7w+KeOlSHAhgF9RytFyifW6AF61hdT2ucrYhPq9hLs5JIryeupHV3qGk95dH9ow==

"@vitejs/plugin-vue@^5.0.2":
  version "5.0.2"
  resolved "https://registry.yarnpkg.com/@vitejs/plugin-vue/-/plugin-vue-5.0.2.tgz#8428ec3f446b9c2f7a7ec950f34e3d6f3c665444"
  integrity sha512-kEjJHrLb5ePBvjD0SPZwJlw1QTRcjjCA9sB5VyfonoXVBxTS7TMnqL6EkLt1Eu61RDeiuZ/WN9Hf6PxXhPI2uA==

"@vue/compiler-core@3.4.3":
  version "3.4.3"
  resolved "https://registry.yarnpkg.com/@vue/compiler-core/-/compiler-core-3.4.3.tgz#8e8f88273f061cf0a49bf958255f5f0621f12d8b"
  integrity sha512-u8jzgFg0EDtSrb/hG53Wwh1bAOQFtc1ZCegBpA/glyvTlgHl+tq13o1zvRfLbegYUw/E4mSTGOiCnAJ9SJ+lsg==
  dependencies:
    "@babel/parser" "^7.23.6"
    "@vue/shared" "3.4.3"
    entities "^4.5.0"
    estree-walker "^2.0.2"
    source-map-js "^1.0.2"

"@vue/compiler-dom@3.4.3":
  version "3.4.3"
  resolved "https://registry.yarnpkg.com/@vue/compiler-dom/-/compiler-dom-3.4.3.tgz#bea8acde9585d5ce92a3f11c062c863fb33e44d7"
  integrity sha512-oGF1E9/htI6JWj/lTJgr6UgxNCtNHbM6xKVreBWeZL9QhRGABRVoWGAzxmtBfSOd+w0Zi5BY0Es/tlJrN6WgEg==
  dependencies:
    "@vue/compiler-core" "3.4.3"
    "@vue/shared" "3.4.3"

"@vue/compiler-sfc@3.4.3":
  version "3.4.3"
  resolved "https://registry.yarnpkg.com/@vue/compiler-sfc/-/compiler-sfc-3.4.3.tgz#a9d35b2deef38576dedd9938851c032fb2ca8617"
  integrity sha512-NuJqb5is9I4uzv316VRUDYgIlPZCG8D+ARt5P4t5UDShIHKL25J3TGZAUryY/Aiy0DsY7srJnZL5ryB6DD63Zw==
  dependencies:
    "@babel/parser" "^7.23.6"
    "@vue/compiler-core" "3.4.3"
    "@vue/compiler-dom" "3.4.3"
    "@vue/compiler-ssr" "3.4.3"
    "@vue/shared" "3.4.3"
    estree-walker "^2.0.2"
    magic-string "^0.30.5"
    postcss "^8.4.32"
    source-map-js "^1.0.2"

"@vue/compiler-ssr@3.4.3":
  version "3.4.3"
  resolved "https://registry.yarnpkg.com/@vue/compiler-ssr/-/compiler-ssr-3.4.3.tgz#c3f641a15a04893b5bc3278f3dac65bed44dce1d"
  integrity sha512-wnYQtMBkeFSxgSSQbYGQeXPhQacQiog2c6AlvMldQH6DB+gSXK/0F6DVXAJfEiuBSgBhUc8dwrrG5JQcqwalsA==
  dependencies:
    "@vue/compiler-dom" "3.4.3"
    "@vue/shared" "3.4.3"

"@vue/devtools-api@^6.5.1":
  version "6.5.1"
  resolved "https://registry.yarnpkg.com/@vue/devtools-api/-/devtools-api-6.5.1.tgz#7f71f31e40973eeee65b9a64382b13593fdbd697"
  integrity sha512-+KpckaAQyfbvshdDW5xQylLni1asvNSGme1JFs8I1+/H5pHEhqUKMEQD/qn3Nx5+/nycBq11qAEi8lk+LXI2dA==

"@vue/reactivity@3.4.3":
  version "3.4.3"
  resolved "https://registry.yarnpkg.com/@vue/reactivity/-/reactivity-3.4.3.tgz#95287b5950b328df4a942a7cf14a0e13487f1eac"
  integrity sha512-q5f9HLDU+5aBKizXHAx0w4whkIANs1Muiq9R5YXm0HtorSlflqv9u/ohaMxuuhHWCji4xqpQ1eL04WvmAmGnFg==
  dependencies:
    "@vue/shared" "3.4.3"

"@vue/runtime-core@3.4.3":
  version "3.4.3"
  resolved "https://registry.yarnpkg.com/@vue/runtime-core/-/runtime-core-3.4.3.tgz#fe7649a93d9b20b9b351cd699f69f0e34a26e3ab"
  integrity sha512-C1r6QhB1qY7D591RCSFhMULyzL9CuyrGc+3PpB0h7dU4Qqw6GNyo4BNFjHZVvsWncrUlKX3DIKg0Y7rNNr06NQ==
  dependencies:
    "@vue/reactivity" "3.4.3"
    "@vue/shared" "3.4.3"

"@vue/runtime-dom@3.4.3":
  version "3.4.3"
  resolved "https://registry.yarnpkg.com/@vue/runtime-dom/-/runtime-dom-3.4.3.tgz#54a6115cfba364f20cdf5a44c2ff87337a57def8"
  integrity sha512-wrsprg7An5Ec+EhPngWdPuzkp0BEUxAKaQtN9dPU/iZctPyD9aaXmVtehPJerdQxQale6gEnhpnfywNw3zOv2A==
  dependencies:
    "@vue/runtime-core" "3.4.3"
    "@vue/shared" "3.4.3"
    csstype "^3.1.3"

"@vue/server-renderer@3.4.3":
  version "3.4.3"
  resolved "https://registry.yarnpkg.com/@vue/server-renderer/-/server-renderer-3.4.3.tgz#c508f58b9f83f0959085d5aa6854eac9141b4bc6"
  integrity sha512-BUxt8oVGMKKsqSkM1uU3d3Houyfy4WAc2SpSQRebNd+XJGATVkW/rO129jkyL+kpB/2VRKzE63zwf5RtJ3XuZw==
  dependencies:
    "@vue/compiler-ssr" "3.4.3"
    "@vue/shared" "3.4.3"

"@vue/shared@3.4.3":
  version "3.4.3"
  resolved "https://registry.yarnpkg.com/@vue/shared/-/shared-3.4.3.tgz#01d54b32b9796c85c853c670d9395a813f23a8c2"
  integrity sha512-rIwlkkP1n4uKrRzivAKPZIEkHiuwY5mmhMJ2nZKCBLz8lTUlE73rQh4n1OnnMurXt1vcUNyH4ZPfdh8QweTjpQ==

"@vueuse/core@10.7.1", "@vueuse/core@^10.7.1":
  version "10.7.1"
  resolved "https://registry.yarnpkg.com/@vueuse/core/-/core-10.7.1.tgz#b4bfe3355dbb0ec17d34d737385e1c8a0156ccf1"
  integrity sha512-74mWHlaesJSWGp1ihg76vAnfVq9NTv1YT0SYhAQ6zwFNdBkkP+CKKJmVOEHcdSnLXCXYiL5e7MaewblfiYLP7g==
  dependencies:
    "@types/web-bluetooth" "^0.0.20"
    "@vueuse/metadata" "10.7.1"
    "@vueuse/shared" "10.7.1"
    vue-demi ">=0.14.6"

"@vueuse/integrations@^10.7.1":
  version "10.7.1"
  resolved "https://registry.yarnpkg.com/@vueuse/integrations/-/integrations-10.7.1.tgz#c16676744bf5f0a764eea9517c78d882988cf5f7"
  integrity sha512-cKo5LEeKVHdBRBtMTOrDPdR0YNtrmN9IBfdcnY2P3m5LHVrsD0xiHUtAH1WKjHQRIErZG6rJUa6GA4tWZt89Og==
  dependencies:
    "@vueuse/core" "10.7.1"
    "@vueuse/shared" "10.7.1"
    vue-demi ">=0.14.6"

"@vueuse/metadata@10.7.1":
  version "10.7.1"
  resolved "https://registry.yarnpkg.com/@vueuse/metadata/-/metadata-10.7.1.tgz#190a8d0e97216941cc95120c89dfa2c4228b2a53"
  integrity sha512-jX8MbX5UX067DYVsbtrmKn6eG6KMcXxLRLlurGkZku5ZYT3vxgBjui2zajvUZ18QLIjrgBkFRsu7CqTAg18QFw==

"@vueuse/shared@10.7.1":
  version "10.7.1"
  resolved "https://registry.yarnpkg.com/@vueuse/shared/-/shared-10.7.1.tgz#b9892fc31784d685619015fba287cde53873485d"
  integrity sha512-v0jbRR31LSgRY/C5i5X279A/WQjD6/JsMzGa+eqt658oJ75IvQXAeONmwvEMrvJQKnRElq/frzBR7fhmWY5uLw==
  dependencies:
    vue-demi ">=0.14.6"

algoliasearch@^4.19.1:
  version "4.22.0"
  resolved "https://registry.yarnpkg.com/algoliasearch/-/algoliasearch-4.22.0.tgz#9ece4446b5ab0af941ef97553c18ddcd1b8040a5"
  integrity sha512-gfceltjkwh7PxXwtkS8KVvdfK+TSNQAWUeNSxf4dA29qW5tf2EGwa8jkJujlT9jLm17cixMVoGNc+GJFO1Mxhg==
  dependencies:
    "@algolia/cache-browser-local-storage" "4.22.0"
    "@algolia/cache-common" "4.22.0"
    "@algolia/cache-in-memory" "4.22.0"
    "@algolia/client-account" "4.22.0"
    "@algolia/client-analytics" "4.22.0"
    "@algolia/client-common" "4.22.0"
    "@algolia/client-personalization" "4.22.0"
    "@algolia/client-search" "4.22.0"
    "@algolia/logger-common" "4.22.0"
    "@algolia/logger-console" "4.22.0"
    "@algolia/requester-browser-xhr" "4.22.0"
    "@algolia/requester-common" "4.22.0"
    "@algolia/requester-node-http" "4.22.0"
    "@algolia/transporter" "4.22.0"

csstype@^3.1.3:
  version "3.1.3"
  resolved "https://registry.yarnpkg.com/csstype/-/csstype-3.1.3.tgz#d80ff294d114fb0e6ac500fbf85b60137d7eff81"
  integrity sha512-M1uQkMl8rQK/szD0LNhtqxIPLpimGm8sOBwU7lLnCpSbTyY3yeU1Vc7l4KT5zT4s/yOxHH5O7tIuuLOCnLADRw==

entities@^4.5.0:
  version "4.5.0"
  resolved "https://registry.yarnpkg.com/entities/-/entities-4.5.0.tgz#5d268ea5e7113ec74c4d033b79ea5a35a488fb48"
  integrity sha512-V0hjH4dGPh9Ao5p0MoRY6BVqtwCjhz6vI5LT8AJ55H+4g9/4vbHx1I54fS0XuclLhDHArPQCiMjDxjaL8fPxhw==

esbuild@^0.20.1:
  version "0.20.2"
  resolved "https://registry.yarnpkg.com/esbuild/-/esbuild-0.20.2.tgz#9d6b2386561766ee6b5a55196c6d766d28c87ea1"
  integrity sha512-WdOOppmUNU+IbZ0PaDiTst80zjnrOkyJNHoKupIcVyU8Lvla3Ugx94VzkQ32Ijqd7UhHJy75gNWDMUekcrSJ6g==
  optionalDependencies:
    "@esbuild/aix-ppc64" "0.20.2"
    "@esbuild/android-arm" "0.20.2"
    "@esbuild/android-arm64" "0.20.2"
    "@esbuild/android-x64" "0.20.2"
    "@esbuild/darwin-arm64" "0.20.2"
    "@esbuild/darwin-x64" "0.20.2"
    "@esbuild/freebsd-arm64" "0.20.2"
    "@esbuild/freebsd-x64" "0.20.2"
    "@esbuild/linux-arm" "0.20.2"
    "@esbuild/linux-arm64" "0.20.2"
    "@esbuild/linux-ia32" "0.20.2"
    "@esbuild/linux-loong64" "0.20.2"
    "@esbuild/linux-mips64el" "0.20.2"
    "@esbuild/linux-ppc64" "0.20.2"
    "@esbuild/linux-riscv64" "0.20.2"
    "@esbuild/linux-s390x" "0.20.2"
    "@esbuild/linux-x64" "0.20.2"
    "@esbuild/netbsd-x64" "0.20.2"
    "@esbuild/openbsd-x64" "0.20.2"
    "@esbuild/sunos-x64" "0.20.2"
    "@esbuild/win32-arm64" "0.20.2"
    "@esbuild/win32-ia32" "0.20.2"
    "@esbuild/win32-x64" "0.20.2"

estree-walker@^2.0.2:
  version "2.0.2"
  resolved "https://registry.yarnpkg.com/estree-walker/-/estree-walker-2.0.2.tgz#52f010178c2a4c117a7757cfe942adb7d2da4cac"
  integrity sha512-Rfkk/Mp/DL7JVje3u18FxFujQlTNR2q6QfMSMB7AvCBx91NGj/ba3kCfza0f6dVDbw7YlRf/nDrn7pQrCCyQ/w==

focus-trap@^7.5.4:
  version "7.5.4"
  resolved "https://registry.yarnpkg.com/focus-trap/-/focus-trap-7.5.4.tgz#6c4e342fe1dae6add9c2aa332a6e7a0bbd495ba2"
  integrity sha512-N7kHdlgsO/v+iD/dMoJKtsSqs5Dz/dXZVebRgJw23LDk+jMi/974zyiOYDziY2JPp8xivq9BmUGwIJMiuSBi7w==
  dependencies:
    tabbable "^6.2.0"

fsevents@~2.3.2, fsevents@~2.3.3:
  version "2.3.3"
  resolved "https://registry.yarnpkg.com/fsevents/-/fsevents-2.3.3.tgz#cac6407785d03675a2a5e1a5305c697b347d90d6"
  integrity sha512-5xoDfX+fL7faATnagmWPpbFtwh/R77WmMMqqHGS65C3vvB0YHrgF+B1YmZ3441tMj5n63k0212XNoJwzlhffQw==

magic-string@^0.30.5:
  version "0.30.5"
  resolved "https://registry.yarnpkg.com/magic-string/-/magic-string-0.30.5.tgz#1994d980bd1c8835dc6e78db7cbd4ae4f24746f9"
  integrity sha512-7xlpfBaQaP/T6Vh8MO/EqXSW5En6INHEvEXQiuff7Gku0PWjU3uf6w/j9o7O+SpB5fOAkrI5HeoNgwjEO0pFsA==
  dependencies:
    "@jridgewell/sourcemap-codec" "^1.4.15"

mark.js@8.11.1:
  version "8.11.1"
  resolved "https://registry.yarnpkg.com/mark.js/-/mark.js-8.11.1.tgz#180f1f9ebef8b0e638e4166ad52db879beb2ffc5"
  integrity sha512-1I+1qpDt4idfgLQG+BNWmrqku+7/2bi5nLf4YwF8y8zXvmfiTBY3PV3ZibfrjBueCByROpuBjLLFCajqkgYoLQ==

minisearch@^6.3.0:
  version "6.3.0"
  resolved "https://registry.yarnpkg.com/minisearch/-/minisearch-6.3.0.tgz#985a2f1ca3c73c2d65af94f0616bfe57164b0b6b"
  integrity sha512-ihFnidEeU8iXzcVHy74dhkxh/dn8Dc08ERl0xwoMMGqp4+LvRSCgicb+zGqWthVokQKvCSxITlh3P08OzdTYCQ==

mrmime@^2.0.0:
  version "2.0.0"
  resolved "https://registry.yarnpkg.com/mrmime/-/mrmime-2.0.0.tgz#151082a6e06e59a9a39b46b3e14d5cfe92b3abb4"
  integrity sha512-eu38+hdgojoyq63s+yTpN4XMBdt5l8HhMhc4VKLO9KM5caLIBvUm4thi7fFaxyTmCKeNnXZ5pAlBwCUnhA09uw==

nanoid@^3.3.7:
  version "3.3.7"
  resolved "https://registry.yarnpkg.com/nanoid/-/nanoid-3.3.7.tgz#d0c301a691bc8d54efa0a2226ccf3fe2fd656bd8"
  integrity sha512-eSRppjcPIatRIMC1U6UngP8XFcz8MQWGQdt1MTBQ7NaAmvXDfvNxbvWV3x2y6CdEUciCSsDHDQZbhYaB8QEo2g==

picocolors@^1.0.0:
  version "1.0.0"
  resolved "https://registry.yarnpkg.com/picocolors/-/picocolors-1.0.0.tgz#cb5bdc74ff3f51892236eaf79d68bc44564ab81c"
  integrity sha512-1fygroTLlHu66zi26VoTDv8yRgm0Fccecssto+MhsZ0D/DGW2sm8E8AjW7NU5VVTRt5GxbeZ5qBuJr+HyLYkjQ==

postcss@^8.4.32:
  version "8.4.32"
  resolved "https://registry.yarnpkg.com/postcss/-/postcss-8.4.32.tgz#1dac6ac51ab19adb21b8b34fd2d93a86440ef6c9"
  integrity sha512-D/kj5JNu6oo2EIy+XL/26JEDTlIbB8hw85G8StOE6L74RQAVVP5rej6wxCNqyMbR4RkPfqvezVbPw81Ngd6Kcw==
  dependencies:
    nanoid "^3.3.7"
    picocolors "^1.0.0"
    source-map-js "^1.0.2"

postcss@^8.4.38:
  version "8.4.38"
  resolved "https://registry.yarnpkg.com/postcss/-/postcss-8.4.38.tgz#b387d533baf2054288e337066d81c6bee9db9e0e"
  integrity sha512-Wglpdk03BSfXkHoQa3b/oulrotAkwrlLDRSOb9D0bN86FdRyE9lppSp33aHNPgBa0JKCoB+drFLZkQoRRYae5A==
  dependencies:
    nanoid "^3.3.7"
    picocolors "^1.0.0"
    source-map-js "^1.2.0"

preact@^10.0.0:
  version "10.19.3"
  resolved "https://registry.yarnpkg.com/preact/-/preact-10.19.3.tgz#7a7107ed2598a60676c943709ea3efb8aaafa899"
  integrity sha512-nHHTeFVBTHRGxJXKkKu5hT8C/YWBkPso4/Gad6xuj5dbptt9iF9NZr9pHbPhBrnT2klheu7mHTxTZ/LjwJiEiQ==

rollup@^4.13.0:
  version "4.14.0"
  resolved "https://registry.yarnpkg.com/rollup/-/rollup-4.14.0.tgz#c3e2cd479f1b2358b65c1f810fa05b51603d7be8"
  integrity sha512-Qe7w62TyawbDzB4yt32R0+AbIo6m1/sqO7UPzFS8Z/ksL5mrfhA0v4CavfdmFav3D+ub4QeAgsGEe84DoWe/nQ==
  dependencies:
    "@types/estree" "1.0.5"
  optionalDependencies:
    "@rollup/rollup-android-arm-eabi" "4.14.0"
    "@rollup/rollup-android-arm64" "4.14.0"
    "@rollup/rollup-darwin-arm64" "4.14.0"
    "@rollup/rollup-darwin-x64" "4.14.0"
    "@rollup/rollup-linux-arm-gnueabihf" "4.14.0"
    "@rollup/rollup-linux-arm64-gnu" "4.14.0"
    "@rollup/rollup-linux-arm64-musl" "4.14.0"
    "@rollup/rollup-linux-powerpc64le-gnu" "4.14.0"
    "@rollup/rollup-linux-riscv64-gnu" "4.14.0"
    "@rollup/rollup-linux-s390x-gnu" "4.14.0"
    "@rollup/rollup-linux-x64-gnu" "4.14.0"
    "@rollup/rollup-linux-x64-musl" "4.14.0"
    "@rollup/rollup-win32-arm64-msvc" "4.14.0"
    "@rollup/rollup-win32-ia32-msvc" "4.14.0"
    "@rollup/rollup-win32-x64-msvc" "4.14.0"
    fsevents "~2.3.2"

shikiji-core@0.9.15, shikiji-core@^0.9.15:
  version "0.9.15"
  resolved "https://registry.yarnpkg.com/shikiji-core/-/shikiji-core-0.9.15.tgz#2732464054b7ce4ceb470cd5e3957e6c7e614b7d"
  integrity sha512-7hqIcUKS15OMs/61Qp2GvO1fSajBB36bDqi8vexIg5kp80V6v6SGtBrlq+nLlo7erMG2d1kvIuTIq1bwKI6fEg==

shikiji-transformers@^0.9.15:
  version "0.9.15"
  resolved "https://registry.yarnpkg.com/shikiji-transformers/-/shikiji-transformers-0.9.15.tgz#4a61e00c2a1cc6dd69eac98ac3261d19dddd2ec0"
  integrity sha512-k0sQ6tX26/cdb8QV9CCwwr7QjRp6/AVP9C0oNIXNld3of+xCrpf74kD74piybG6vMfzBoHGsz/s60RVBJOUaYQ==
  dependencies:
    shikiji "0.9.15"

shikiji@0.9.15, shikiji@^0.9.15:
  version "0.9.15"
  resolved "https://registry.yarnpkg.com/shikiji/-/shikiji-0.9.15.tgz#227f1a2688d10589da18aae4a0a231c9d0110420"
  integrity sha512-+inN4cN+nY7b0uCPOiqFHAk+cn2DEdM3AIQgPhAV7QKqhww/o7OGS5xvLh3SNnjke9C/HispALqGOQGYHVq7KQ==
  dependencies:
    shikiji-core "0.9.15"

source-map-js@^1.0.2:
  version "1.0.2"
  resolved "https://registry.yarnpkg.com/source-map-js/-/source-map-js-1.0.2.tgz#adbc361d9c62df380125e7f161f71c826f1e490c"
  integrity sha512-R0XvVJ9WusLiqTCEiGCmICCMplcCkIwwR11mOSD9CR5u+IXYdiseeEuXCVAjS54zqwkLcPNnmU4OeJ6tUrWhDw==

source-map-js@^1.2.0:
  version "1.2.0"
  resolved "https://registry.yarnpkg.com/source-map-js/-/source-map-js-1.2.0.tgz#16b809c162517b5b8c3e7dcd315a2a5c2612b2af"
  integrity sha512-itJW8lvSA0TXEphiRoawsCksnlf8SyvmFzIhltqAHluXd88pkCd+cXJVHTDwdCr0IzwptSm035IHQktUu1QUMg==

tabbable@^6.2.0:
  version "6.2.0"
  resolved "https://registry.yarnpkg.com/tabbable/-/tabbable-6.2.0.tgz#732fb62bc0175cfcec257330be187dcfba1f3b97"
  integrity sha512-Cat63mxsVJlzYvN51JmVXIgNoUokrIaT2zLclCXjRd8boZ0004U4KCs/sToJ75C6sdlByWxpYnb5Boif1VSFew==

vite@^5.0.10:
  version "5.2.8"
  resolved "https://registry.yarnpkg.com/vite/-/vite-5.2.8.tgz#a99e09939f1a502992381395ce93efa40a2844aa"
  integrity sha512-OyZR+c1CE8yeHw5V5t59aXsUPPVTHMDjEZz8MgguLL/Q7NblxhZUlTu9xSPqlsUO/y+X7dlU05jdhvyycD55DA==
  dependencies:
    esbuild "^0.20.1"
    postcss "^8.4.38"
    rollup "^4.13.0"
  optionalDependencies:
    fsevents "~2.3.3"

vitepress@^1.0.0-rc.26:
  version "1.0.0-rc.34"
  resolved "https://registry.yarnpkg.com/vitepress/-/vitepress-1.0.0-rc.34.tgz#271451daf56c0807c1d3114b38f1473eb9b184e2"
  integrity sha512-TUbTiSdAZFni2XlHlpx61KikgkQ5uG4Wtmw2R0SXhIOG6qGqzDJczAFjkMc4i45I9c3KyatwOYe8oEfCnzVYwQ==
  dependencies:
    "@docsearch/css" "^3.5.2"
    "@docsearch/js" "^3.5.2"
    "@types/markdown-it" "^13.0.7"
    "@vitejs/plugin-vue" "^5.0.2"
    "@vue/devtools-api" "^6.5.1"
    "@vueuse/core" "^10.7.1"
    "@vueuse/integrations" "^10.7.1"
    focus-trap "^7.5.4"
    mark.js "8.11.1"
    minisearch "^6.3.0"
    mrmime "^2.0.0"
    shikiji "^0.9.15"
    shikiji-core "^0.9.15"
    shikiji-transformers "^0.9.15"
    vite "^5.0.10"
    vue "^3.4.3"

vue-demi@>=0.14.6:
  version "0.14.6"
  resolved "https://registry.yarnpkg.com/vue-demi/-/vue-demi-0.14.6.tgz#dc706582851dc1cdc17a0054f4fec2eb6df74c92"
  integrity sha512-8QA7wrYSHKaYgUxDA5ZC24w+eHm3sYCbp0EzcDwKqN3p6HqtTCGR/GVsPyZW92unff4UlcSh++lmqDWN3ZIq4w==

vue@^3.3.8, vue@^3.4.3:
  version "3.4.3"
  resolved "https://registry.yarnpkg.com/vue/-/vue-3.4.3.tgz#e1ba36a64134dcedc12cfb2c28e7cd15ba121f04"
  integrity sha512-GjN+culMAGv/mUbkIv8zMKItno8npcj5gWlXkSxf1SPTQf8eJ4A+YfHIvQFyL1IfuJcMl3soA7SmN1fRxbf/wA==
  dependencies:
    "@vue/compiler-dom" "3.4.3"
    "@vue/compiler-sfc" "3.4.3"
    "@vue/runtime-dom" "3.4.3"
    "@vue/server-renderer" "3.4.3"
    "@vue/shared" "3.4.3"
